
Microsoft Visual Studio Solution File, Format Version 12.00
# Visual Studio 15
Project("{FAE04EC0-301F-11D3-BF4B-00C04F79EFBC}") = "Assembly-CSharp", "Assembly-CSharp.csproj", "{F37CCB13-65FE-704B-E568-168957452315}"
EndProject
Project("{FAE04EC0-301F-11D3-BF4B-00C04F79EFBC}") = "VuforiaScripts", "VuforiaScripts.csproj", "{914B80D9-1D06-5336-A360-621EBD3FD37C}"
EndProject
Project("{FAE04EC0-301F-11D3-BF4B-00C04F79EFBC}") = "VuforiaEditorScripts", "VuforiaEditorScripts.csproj", "{2DAD12D3-DD81-848B-B2D6-6D6E2BB3D66A}"
EndProject
Global
	GlobalSection(SolutionConfigurationPlatforms) = preSolution
		Debug|Any CPU = Debug|Any CPU
		Release|Any CPU = Release|Any CPU
	EndGlobalSection
	GlobalSection(ProjectConfigurationPlatforms) = postSolution
		{F37CCB13-65FE-704B-E568-168957452315}.Debug|Any CPU.ActiveCfg = Debug|Any CPU
		{F37CCB13-65FE-704B-E568-168957452315}.Debug|Any CPU.Build.0 = Debug|Any CPU
		{F37CCB13-65FE-704B-E568-168957452315}.Release|Any CPU.ActiveCfg = Release|Any CPU
		{F37CCB13-65FE-704B-E568-168957452315}.Release|Any CPU.Build.0 = Release|Any CPU
		{914B80D9-1D06-5336-A360-621EBD3FD37C}.Debug|Any CPU.ActiveCfg = Debug|Any CPU
		{914B80D9-1D06-5336-A360-621EBD3FD37C}.Debug|Any CPU.Build.0 = Debug|Any CPU
		{914B80D9-1D06-5336-A360-621EBD3FD37C}.Release|Any CPU.ActiveCfg = Release|Any CPU
		{914B80D9-1D06-5336-A360-621EBD3FD37C}.Release|Any CPU.Build.0 = Release|Any CPU
		{2DAD12D3-DD81-848B-B2D6-6D6E2BB3D66A}.Debug|Any CPU.ActiveCfg = Debug|Any CPU
		{2DAD12D3-DD81-848B-B2D6-6D6E2BB3D66A}.Debug|Any CPU.Build.0 = Debug|Any CPU
		{2DAD12D3-DD81-848B-B2D6-6D6E2BB3D66A}.Release|Any CPU.ActiveCfg = Release|Any CPU
		{2DAD12D3-DD81-848B-B2D6-6D6E2BB3D66A}.Release|Any CPU.Build.0 = Release|Any CPU
	EndGlobalSection
	GlobalSection(SolutionProperties) = preSolution
		HideSolutionNode = FALSE
	EndGlobalSection
EndGlobal
